
Microsoft Visual Studio Solution File, Format Version 12.00
# Visual Studio Version 17
VisualStudioVersion = 17.4.33103.184
MinimumVisualStudioVersion = 10.0.40219.1
Project("{FAE04EC0-301F-11D3-BF4B-00C04F79EFBC}") = "ReactWS.Web", "ReactWS.Web\ReactWS.Web.csproj", "{A44EBD00-F91E-4394-BF5C-B72599A3D092}"
EndProject
Project("{FAE04EC0-301F-11D3-BF4B-00C04F79EFBC}") = "ReactWS.Data", "ReactWS.Data\ReactWS.Data.csproj", "{C6920EF2-4781-4B7E-9978-20812394C0CF}"
EndProject
Global
	GlobalSection(SolutionConfigurationPlatforms) = preSolution
		Debug|Any CPU = Debug|Any CPU
		Release|Any CPU = Release|Any CPU
	EndGlobalSection
	GlobalSection(ProjectConfigurationPlatforms) = postSolution
		{A44EBD00-F91E-4394-BF5C-B72599A3D092}.Debug|Any CPU.ActiveCfg = Debug|Any CPU
		{A44EBD00-F91E-4394-BF5C-B72599A3D092}.Debug|Any CPU.Build.0 = Debug|Any CPU
		{A44EBD00-F91E-4394-BF5C-B72599A3D092}.Release|Any CPU.ActiveCfg = Release|Any CPU
		{A44EBD00-F91E-4394-BF5C-B72599A3D092}.Release|Any CPU.Build.0 = Release|Any CPU
		{C6920EF2-4781-4B7E-9978-20812394C0CF}.Debug|Any CPU.ActiveCfg = Debug|Any CPU
		{C6920EF2-4781-4B7E-9978-20812394C0CF}.Debug|Any CPU.Build.0 = Debug|Any CPU
		{C6920EF2-4781-4B7E-9978-20812394C0CF}.Release|Any CPU.ActiveCfg = Release|Any CPU
		{C6920EF2-4781-4B7E-9978-20812394C0CF}.Release|Any CPU.Build.0 = Release|Any CPU
	EndGlobalSection
	GlobalSection(SolutionProperties) = preSolution
		HideSolutionNode = FALSE
	EndGlobalSection
	GlobalSection(ExtensibilityGlobals) = postSolution
		SolutionGuid = {7476CA94-B381-41DF-A12A-9A3BFF114B37}
	EndGlobalSection
EndGlobal
